
Microsoft Visual Studio Solution File, Format Version 12.00
# Visual Studio Version 17
VisualStudioVersion = 17.9.34622.214
MinimumVisualStudioVersion = 10.0.40219.1
Project("{9A19103F-16F7-4668-BE54-9A1E7A4F7556}") = "ImageVault.Server", "ImageVault.Server\ImageVault.Server.csproj", "{30EE9A78-AA7E-4DA6-944B-711A69C5B84F}"
EndProject
Project("{54A90642-561A-4BB1-A94E-469ADEE60C69}") = "imagevault.client", "imagevault.client\imagevault.client.esproj", "{21A6C5FE-40CF-463E-80E2-7EB91011BF6A}"
EndProject
Global
	GlobalSection(SolutionConfigurationPlatforms) = preSolution
		Debug|Any CPU = Debug|Any CPU
		Release|Any CPU = Release|Any CPU
	EndGlobalSection
	GlobalSection(ProjectConfigurationPlatforms) = postSolution
		{30EE9A78-AA7E-4DA6-944B-711A69C5B84F}.Debug|Any CPU.ActiveCfg = Debug|Any CPU
		{30EE9A78-AA7E-4DA6-944B-711A69C5B84F}.Debug|Any CPU.Build.0 = Debug|Any CPU
		{30EE9A78-AA7E-4DA6-944B-711A69C5B84F}.Release|Any CPU.ActiveCfg = Release|Any CPU
		{30EE9A78-AA7E-4DA6-944B-711A69C5B84F}.Release|Any CPU.Build.0 = Release|Any CPU
		{21A6C5FE-40CF-463E-80E2-7EB91011BF6A}.Debug|Any CPU.ActiveCfg = Debug|Any CPU
		{21A6C5FE-40CF-463E-80E2-7EB91011BF6A}.Debug|Any CPU.Build.0 = Debug|Any CPU
		{21A6C5FE-40CF-463E-80E2-7EB91011BF6A}.Debug|Any CPU.Deploy.0 = Debug|Any CPU
		{21A6C5FE-40CF-463E-80E2-7EB91011BF6A}.Release|Any CPU.ActiveCfg = Release|Any CPU
		{21A6C5FE-40CF-463E-80E2-7EB91011BF6A}.Release|Any CPU.Build.0 = Release|Any CPU
		{21A6C5FE-40CF-463E-80E2-7EB91011BF6A}.Release|Any CPU.Deploy.0 = Release|Any CPU
	EndGlobalSection
	GlobalSection(SolutionProperties) = preSolution
		HideSolutionNode = FALSE
	EndGlobalSection
	GlobalSection(ExtensibilityGlobals) = postSolution
		SolutionGuid = {8A718189-88B0-4076-835F-214B2EA5D4E2}
	EndGlobalSection
EndGlobal
