Microsoft Visual Studio Solution File, Format Version 12.00
# Visual Studio Version 17
VisualStudioVersion = 17.9.34622.214
MinimumVisualStudioVersion = 10.0.40219.1
Project("{9A19103F-16F7-4668-BE54-9A1E7A4F7556}") = "ImageVault.AuthenticationService", "ImageVault.AuthenticationService\ImageVault.AuthenticationService.csproj", "{30EE9A78-AA7E-4DA6-944B-711A69C5B84F}"
EndProject
Project("{54A90642-561A-4BB1-A94E-469ADEE60C69}") = "imagevault.client", "imagevault.client\imagevault.client.esproj", "{21A6C5FE-40CF-463E-80E2-7EB91011BF6A}"
EndProject
Project("{9A19103F-16F7-4668-BE54-9A1E7A4F7556}") = "ImageVault.UserService", "ImageVault.UserService\ImageVault.UserService.csproj", "{03CDD421-9DDE-48ED-879F-DFD635B00F33}"
EndProject
Project("{E53339B2-1760-4266-BCC7-CA923CBCF16C}") = "docker-compose", "docker-compose.dcproj", "{D8040CBA-B797-478C-AA5E-05CC488F3175}"
EndProject
Project("{FAE04EC0-301F-11D3-BF4B-00C04F79EFBC}") = "ImageVault.RequestMetricsService", "ImageVault.RequestMetricsService\ImageVault.RequestMetricsService.csproj", "{5345653F-9353-43C6-A858-6953B0238953}"
EndProject
Project("{FAE04EC0-301F-11D3-BF4B-00C04F79EFBC}") = "ImageVault.ApiKeyService", "ImageVault.ApiKeyService\ImageVault.ApiKeyService.csproj", "{60FA57C4-7A6B-43E7-BFF9-47A8F8B9F906}"
EndProject
Project("{FAE04EC0-301F-11D3-BF4B-00C04F79EFBC}") = "ImageVault.UploadService", "ImageVault.UploadService\ImageVault.UploadService.csproj", "{09FE3F27-CAA0-44E2-A6B2-2683620189FE}"
EndProject
Project("{FAE04EC0-301F-11D3-BF4B-00C04F79EFBC}") = "ImageVault.ImageService", "ImageVault.ImageService\ImageVault.ImageService.csproj", "{85A3BE69-1448-4D8F-8C68-694426048E20}"
EndProject
Project("{FAE04EC0-301F-11D3-BF4B-00C04F79EFBC}") = "ImageVault.Tests", "ImageVault.Tests\ImageVault.Tests.csproj", "{49842B25-A7D8-4356-931C-3A2FDC3C32BB}"
EndProject
Global
	GlobalSection(SolutionConfigurationPlatforms) = preSolution
		Debug|Any CPU = Debug|Any CPU
		Release|Any CPU = Release|Any CPU
	EndGlobalSection
	GlobalSection(ProjectConfigurationPlatforms) = postSolution
		{30EE9A78-AA7E-4DA6-944B-711A69C5B84F}.Debug|Any CPU.ActiveCfg = Debug|Any CPU
		{30EE9A78-AA7E-4DA6-944B-711A69C5B84F}.Debug|Any CPU.Build.0 = Debug|Any CPU
		{30EE9A78-AA7E-4DA6-944B-711A69C5B84F}.Release|Any CPU.ActiveCfg = Release|Any CPU
		{30EE9A78-AA7E-4DA6-944B-711A69C5B84F}.Release|Any CPU.Build.0 = Release|Any CPU
		{21A6C5FE-40CF-463E-80E2-7EB91011BF6A}.Debug|Any CPU.ActiveCfg = Debug|Any CPU
		{21A6C5FE-40CF-463E-80E2-7EB91011BF6A}.Debug|Any CPU.Build.0 = Debug|Any CPU
		{21A6C5FE-40CF-463E-80E2-7EB91011BF6A}.Debug|Any CPU.Deploy.0 = Debug|Any CPU
		{21A6C5FE-40CF-463E-80E2-7EB91011BF6A}.Release|Any CPU.ActiveCfg = Release|Any CPU
		{21A6C5FE-40CF-463E-80E2-7EB91011BF6A}.Release|Any CPU.Build.0 = Release|Any CPU
		{21A6C5FE-40CF-463E-80E2-7EB91011BF6A}.Release|Any CPU.Deploy.0 = Release|Any CPU
		{03CDD421-9DDE-48ED-879F-DFD635B00F33}.Debug|Any CPU.ActiveCfg = Debug|Any CPU
		{03CDD421-9DDE-48ED-879F-DFD635B00F33}.Debug|Any CPU.Build.0 = Debug|Any CPU
		{03CDD421-9DDE-48ED-879F-DFD635B00F33}.Release|Any CPU.ActiveCfg = Release|Any CPU
		{03CDD421-9DDE-48ED-879F-DFD635B00F33}.Release|Any CPU.Build.0 = Release|Any CPU
		{D8040CBA-B797-478C-AA5E-05CC488F3175}.Debug|Any CPU.ActiveCfg = Debug|Any CPU
		{D8040CBA-B797-478C-AA5E-05CC488F3175}.Debug|Any CPU.Build.0 = Debug|Any CPU
		{D8040CBA-B797-478C-AA5E-05CC488F3175}.Release|Any CPU.ActiveCfg = Release|Any CPU
		{D8040CBA-B797-478C-AA5E-05CC488F3175}.Release|Any CPU.Build.0 = Release|Any CPU
		{5345653F-9353-43C6-A858-6953B0238953}.Debug|Any CPU.ActiveCfg = Debug|Any CPU
		{5345653F-9353-43C6-A858-6953B0238953}.Debug|Any CPU.Build.0 = Debug|Any CPU
		{5345653F-9353-43C6-A858-6953B0238953}.Release|Any CPU.ActiveCfg = Release|Any CPU
		{5345653F-9353-43C6-A858-6953B0238953}.Release|Any CPU.Build.0 = Release|Any CPU
		{60FA57C4-7A6B-43E7-BFF9-47A8F8B9F906}.Debug|Any CPU.ActiveCfg = Debug|Any CPU
		{60FA57C4-7A6B-43E7-BFF9-47A8F8B9F906}.Debug|Any CPU.Build.0 = Debug|Any CPU
		{60FA57C4-7A6B-43E7-BFF9-47A8F8B9F906}.Release|Any CPU.ActiveCfg = Release|Any CPU
		{60FA57C4-7A6B-43E7-BFF9-47A8F8B9F906}.Release|Any CPU.Build.0 = Release|Any CPU
		{09FE3F27-CAA0-44E2-A6B2-2683620189FE}.Debug|Any CPU.ActiveCfg = Debug|Any CPU
		{09FE3F27-CAA0-44E2-A6B2-2683620189FE}.Debug|Any CPU.Build.0 = Debug|Any CPU
		{09FE3F27-CAA0-44E2-A6B2-2683620189FE}.Release|Any CPU.ActiveCfg = Release|Any CPU
		{09FE3F27-CAA0-44E2-A6B2-2683620189FE}.Release|Any CPU.Build.0 = Release|Any CPU
		{85A3BE69-1448-4D8F-8C68-694426048E20}.Debug|Any CPU.ActiveCfg = Debug|Any CPU
		{85A3BE69-1448-4D8F-8C68-694426048E20}.Debug|Any CPU.Build.0 = Debug|Any CPU
		{85A3BE69-1448-4D8F-8C68-694426048E20}.Release|Any CPU.ActiveCfg = Release|Any CPU
		{85A3BE69-1448-4D8F-8C68-694426048E20}.Release|Any CPU.Build.0 = Release|Any CPU
		{49842B25-A7D8-4356-931C-3A2FDC3C32BB}.Debug|Any CPU.ActiveCfg = Debug|Any CPU
		{49842B25-A7D8-4356-931C-3A2FDC3C32BB}.Debug|Any CPU.Build.0 = Debug|Any CPU
		{49842B25-A7D8-4356-931C-3A2FDC3C32BB}.Release|Any CPU.ActiveCfg = Release|Any CPU
		{49842B25-A7D8-4356-931C-3A2FDC3C32BB}.Release|Any CPU.Build.0 = Release|Any CPU
	EndGlobalSection
	GlobalSection(SolutionProperties) = preSolution
		HideSolutionNode = FALSE
	EndGlobalSection
	GlobalSection(ExtensibilityGlobals) = postSolution
		SolutionGuid = {8A718189-88B0-4076-835F-214B2EA5D4E2}
	EndGlobalSection
EndGlobal
